// !$*UTF8*$!
{
	archiveVersion = 1;
	classes = {
	};
	objectVersion = 56;
	objects = {

/* Begin PBXBuildFile section */
		811C909B29978DA800D22201 /* TapBarView.swift in Sources */ = {isa = PBXBuildFile; fileRef = 811C909A29978DA800D22201 /* TapBarView.swift */; };
		811C909D2998176400D22201 /* MyButton.swift in Sources */ = {isa = PBXBuildFile; fileRef = 811C909C2998176400D22201 /* MyButton.swift */; };
		811C909F29983FF100D22201 /* ViewModel.swift in Sources */ = {isa = PBXBuildFile; fileRef = 811C909E29983FF100D22201 /* ViewModel.swift */; };
		811CCE27299B72F10060BA57 /* MyReviewButton.swift in Sources */ = {isa = PBXBuildFile; fileRef = 811CCE26299B72F10060BA57 /* MyReviewButton.swift */; };
		811FBB552996E1290094D529 /* ReviewView.swift in Sources */ = {isa = PBXBuildFile; fileRef = 811FBB542996E1290094D529 /* ReviewView.swift */; };
		817218F629851E0B00172B10 /* FlashCardAppApp.swift in Sources */ = {isa = PBXBuildFile; fileRef = 817218F529851E0B00172B10 /* FlashCardAppApp.swift */; };
		817218F829851E0B00172B10 /* StudyView.swift in Sources */ = {isa = PBXBuildFile; fileRef = 817218F729851E0B00172B10 /* StudyView.swift */; };
		817218FA29851E0C00172B10 /* Assets.xcassets in Resources */ = {isa = PBXBuildFile; fileRef = 817218F929851E0C00172B10 /* Assets.xcassets */; };
		817218FD29851E0C00172B10 /* Preview Assets.xcassets in Resources */ = {isa = PBXBuildFile; fileRef = 817218FC29851E0C00172B10 /* Preview Assets.xcassets */; };
		818B296E29A423E900D228AC /* FlashCardView.swift in Sources */ = {isa = PBXBuildFile; fileRef = 818B296D29A423E900D228AC /* FlashCardView.swift */; };
		819B002A299956B0008D6922 /* CreateCardView.swift in Sources */ = {isa = PBXBuildFile; fileRef = 819B0029299956B0008D6922 /* CreateCardView.swift */; };
/* End PBXBuildFile section */

/* Begin PBXFileReference section */
		811C909A29978DA800D22201 /* TapBarView.swift */ = {isa = PBXFileReference; lastKnownFileType = sourcecode.swift; path = TapBarView.swift; sourceTree = "<group>"; };
		811C909C2998176400D22201 /* MyButton.swift */ = {isa = PBXFileReference; lastKnownFileType = sourcecode.swift; path = MyButton.swift; sourceTree = "<group>"; };
		811C909E29983FF100D22201 /* ViewModel.swift */ = {isa = PBXFileReference; lastKnownFileType = sourcecode.swift; path = ViewModel.swift; sourceTree = "<group>"; };
		811CCE26299B72F10060BA57 /* MyReviewButton.swift */ = {isa = PBXFileReference; lastKnownFileType = sourcecode.swift; path = MyReviewButton.swift; sourceTree = "<group>"; };
		811FBB542996E1290094D529 /* ReviewView.swift */ = {isa = PBXFileReference; lastKnownFileType = sourcecode.swift; path = ReviewView.swift; sourceTree = "<group>"; };
		817218F229851E0B00172B10 /* FlashCardApp.app */ = {isa = PBXFileReference; explicitFileType = wrapper.application; includeInIndex = 0; path = FlashCardApp.app; sourceTree = BUILT_PRODUCTS_DIR; };
		817218F529851E0B00172B10 /* FlashCardAppApp.swift */ = {isa = PBXFileReference; lastKnownFileType = sourcecode.swift; path = FlashCardAppApp.swift; sourceTree = "<group>"; };
		817218F729851E0B00172B10 /* StudyView.swift */ = {isa = PBXFileReference; lastKnownFileType = sourcecode.swift; path = StudyView.swift; sourceTree = "<group>"; };
		817218F929851E0C00172B10 /* Assets.xcassets */ = {isa = PBXFileReference; lastKnownFileType = folder.assetcatalog; path = Assets.xcassets; sourceTree = "<group>"; };
		817218FC29851E0C00172B10 /* Preview Assets.xcassets */ = {isa = PBXFileReference; lastKnownFileType = folder.assetcatalog; path = "Preview Assets.xcassets"; sourceTree = "<group>"; };
		818B296D29A423E900D228AC /* FlashCardView.swift */ = {isa = PBXFileReference; lastKnownFileType = sourcecode.swift; path = FlashCardView.swift; sourceTree = "<group>"; };
		819B0029299956B0008D6922 /* CreateCardView.swift */ = {isa = PBXFileReference; lastKnownFileType = sourcecode.swift; path = CreateCardView.swift; sourceTree = "<group>"; };
/* End PBXFileReference section */

/* Begin PBXFrameworksBuildPhase section */
		817218EF29851E0B00172B10 /* Frameworks */ = {
			isa = PBXFrameworksBuildPhase;
			buildActionMask = 2147483647;
			files = (
			);
			runOnlyForDeploymentPostprocessing = 0;
		};
/* End PBXFrameworksBuildPhase section */

/* Begin PBXGroup section */
		811CCE28299B73040060BA57 /* CustomButtons */ = {
			isa = PBXGroup;
			children = (
				811C909C2998176400D22201 /* MyButton.swift */,
				811CCE26299B72F10060BA57 /* MyReviewButton.swift */,
			);
			path = CustomButtons;
			sourceTree = "<group>";
		};
		817218E929851E0B00172B10 = {
			isa = PBXGroup;
			children = (
				817218F429851E0B00172B10 /* FlashCardApp */,
				817218F329851E0B00172B10 /* Products */,
			);
			sourceTree = "<group>";
		};
		817218F329851E0B00172B10 /* Products */ = {
			isa = PBXGroup;
			children = (
				817218F229851E0B00172B10 /* FlashCardApp.app */,
			);
			name = Products;
			sourceTree = "<group>";
		};
		817218F429851E0B00172B10 /* FlashCardApp */ = {
			isa = PBXGroup;
			children = (
				817218F529851E0B00172B10 /* FlashCardAppApp.swift */,
				8172190529851E6500172B10 /* Views */,
				8172190429851E5300172B10 /* ViewModels */,
				8172190329851E3700172B10 /* Models */,
				817218F929851E0C00172B10 /* Assets.xcassets */,
				817218FB29851E0C00172B10 /* Preview Content */,
			);
			path = FlashCardApp;
			sourceTree = "<group>";
		};
		817218FB29851E0C00172B10 /* Preview Content */ = {
			isa = PBXGroup;
			children = (
				817218FC29851E0C00172B10 /* Preview Assets.xcassets */,
			);
			path = "Preview Content";
			sourceTree = "<group>";
		};
		8172190329851E3700172B10 /* Models */ = {
			isa = PBXGroup;
			children = (
			);
			path = Models;
			sourceTree = "<group>";
		};
		8172190429851E5300172B10 /* ViewModels */ = {
			isa = PBXGroup;
			children = (
				811C909E29983FF100D22201 /* ViewModel.swift */,
			);
			path = ViewModels;
			sourceTree = "<group>";
		};
		8172190529851E6500172B10 /* Views */ = {
			isa = PBXGroup;
			children = (
				811C909A29978DA800D22201 /* TapBarView.swift */,
				817218F729851E0B00172B10 /* StudyView.swift */,
				818B296D29A423E900D228AC /* FlashCardView.swift */,
				819B0029299956B0008D6922 /* CreateCardView.swift */,
				811FBB542996E1290094D529 /* ReviewView.swift */,
				811CCE28299B73040060BA57 /* CustomButtons */,
			);
			path = Views;
			sourceTree = "<group>";
		};
/* End PBXGroup section */

/* Begin PBXNativeTarget section */
		817218F129851E0B00172B10 /* FlashCardApp */ = {
			isa = PBXNativeTarget;
			buildConfigurationList = 8172190029851E0C00172B10 /* Build configuration list for PBXNativeTarget "FlashCardApp" */;
			buildPhases = (
				817218EE29851E0B00172B10 /* Sources */,
				817218EF29851E0B00172B10 /* Frameworks */,
				817218F029851E0B00172B10 /* Resources */,
			);
			buildRules = (
			);
			dependencies = (
			);
			name = FlashCardApp;
			productName = FlashCardApp;
			productReference = 817218F229851E0B00172B10 /* FlashCardApp.app */;
			productType = "com.apple.product-type.application";
		};
/* End PBXNativeTarget section */

/* Begin PBXProject section */
		817218EA29851E0B00172B10 /* Project object */ = {
			isa = PBXProject;
			attributes = {
				BuildIndependentTargetsInParallel = 1;
				LastSwiftUpdateCheck = 1420;
				LastUpgradeCheck = 1420;
				TargetAttributes = {
					817218F129851E0B00172B10 = {
						CreatedOnToolsVersion = 14.2;
					};
				};
			};
			buildConfigurationList = 817218ED29851E0B00172B10 /* Build configuration list for PBXProject "FlashCardApp" */;
			compatibilityVersion = "Xcode 14.0";
			developmentRegion = en;
			hasScannedForEncodings = 0;
			knownRegions = (
				en,
				Base,
			);
			mainGroup = 817218E929851E0B00172B10;
			productRefGroup = 817218F329851E0B00172B10 /* Products */;
			projectDirPath = "";
			projectRoot = "";
			targets = (
				817218F129851E0B00172B10 /* FlashCardApp */,
			);
		};
/* End PBXProject section */

/* Begin PBXResourcesBuildPhase section */
		817218F029851E0B00172B10 /* Resources */ = {
			isa = PBXResourcesBuildPhase;
			buildActionMask = 2147483647;
			files = (
				817218FD29851E0C00172B10 /* Preview Assets.xcassets in Resources */,
				817218FA29851E0C00172B10 /* Assets.xcassets in Resources */,
			);
			runOnlyForDeploymentPostprocessing = 0;
		};
/* End PBXResourcesBuildPhase section */

/* Begin PBXSourcesBuildPhase section */
		817218EE29851E0B00172B10 /* Sources */ = {
			isa = PBXSourcesBuildPhase;
			buildActionMask = 2147483647;
			files = (
				811C909B29978DA800D22201 /* TapBarView.swift in Sources */,
				811C909D2998176400D22201 /* MyButton.swift in Sources */,
				811CCE27299B72F10060BA57 /* MyReviewButton.swift in Sources */,
				818B296E29A423E900D228AC /* FlashCardView.swift in Sources */,
				817218F829851E0B00172B10 /* StudyView.swift in Sources */,
				817218F629851E0B00172B10 /* FlashCardAppApp.swift in Sources */,
				811C909F29983FF100D22201 /* ViewModel.swift in Sources */,
				811FBB552996E1290094D529 /* ReviewView.swift in Sources */,
				819B002A299956B0008D6922 /* CreateCardView.swift in Sources */,
			);
			runOnlyForDeploymentPostprocessing = 0;
		};
/* End PBXSourcesBuildPhase section */

/* Begin XCBuildConfiguration section */
		817218FE29851E0C00172B10 /* Debug */ = {
			isa = XCBuildConfiguration;
			buildSettings = {
				ALWAYS_SEARCH_USER_PATHS = NO;
				CLANG_ANALYZER_NONNULL = YES;
				CLANG_ANALYZER_NUMBER_OBJECT_CONVERSION = YES_AGGRESSIVE;
				CLANG_CXX_LANGUAGE_STANDARD = "gnu++20";
				CLANG_ENABLE_MODULES = YES;
				CLANG_ENABLE_OBJC_ARC = YES;
				CLANG_ENABLE_OBJC_WEAK = YES;
				CLANG_WARN_BLOCK_CAPTURE_AUTORELEASING = YES;
				CLANG_WARN_BOOL_CONVERSION = YES;
				CLANG_WARN_COMMA = YES;
				CLANG_WARN_CONSTANT_CONVERSION = YES;
				CLANG_WARN_DEPRECATED_OBJC_IMPLEMENTATIONS = YES;
				CLANG_WARN_DIRECT_OBJC_ISA_USAGE = YES_ERROR;
				CLANG_WARN_DOCUMENTATION_COMMENTS = YES;
				CLANG_WARN_EMPTY_BODY = YES;
				CLANG_WARN_ENUM_CONVERSION = YES;
				CLANG_WARN_INFINITE_RECURSION = YES;
				CLANG_WARN_INT_CONVERSION = YES;
				CLANG_WARN_NON_LITERAL_NULL_CONVERSION = YES;
				CLANG_WARN_OBJC_IMPLICIT_RETAIN_SELF = YES;
				CLANG_WARN_OBJC_LITERAL_CONVERSION = YES;
				CLANG_WARN_OBJC_ROOT_CLASS = YES_ERROR;
				CLANG_WARN_QUOTED_INCLUDE_IN_FRAMEWORK_HEADER = YES;
				CLANG_WARN_RANGE_LOOP_ANALYSIS = YES;
				CLANG_WARN_STRICT_PROTOTYPES = YES;
				CLANG_WARN_SUSPICIOUS_MOVE = YES;
				CLANG_WARN_UNGUARDED_AVAILABILITY = YES_AGGRESSIVE;
				CLANG_WARN_UNREACHABLE_CODE = YES;
				CLANG_WARN__DUPLICATE_METHOD_MATCH = YES;
				COPY_PHASE_STRIP = NO;
				DEBUG_INFORMATION_FORMAT = dwarf;
				ENABLE_STRICT_OBJC_MSGSEND = YES;
				ENABLE_TESTABILITY = YES;
				GCC_C_LANGUAGE_STANDARD = gnu11;
				GCC_DYNAMIC_NO_PIC = NO;
				GCC_NO_COMMON_BLOCKS = YES;
				GCC_OPTIMIZATION_LEVEL = 0;
				GCC_PREPROCESSOR_DEFINITIONS = (
					"DEBUG=1",
					"$(inherited)",
				);
				GCC_WARN_64_TO_32_BIT_CONVERSION = YES;
				GCC_WARN_ABOUT_RETURN_TYPE = YES_ERROR;
				GCC_WARN_UNDECLARED_SELECTOR = YES;
				GCC_WARN_UNINITIALIZED_AUTOS = YES_AGGRESSIVE;
				GCC_WARN_UNUSED_FUNCTION = YES;
				GCC_WARN_UNUSED_VARIABLE = YES;
				IPHONEOS_DEPLOYMENT_TARGET = 16.2;
				MTL_ENABLE_DEBUG_INFO = INCLUDE_SOURCE;
				MTL_FAST_MATH = YES;
				ONLY_ACTIVE_ARCH = YES;
				SDKROOT = iphoneos;
				SWIFT_ACTIVE_COMPILATION_CONDITIONS = DEBUG;
				SWIFT_OPTIMIZATION_LEVEL = "-Onone";
			};
			name = Debug;
		};
		817218FF29851E0C00172B10 /* Release */ = {
			isa = XCBuildConfiguration;
			buildSettings = {
				ALWAYS_SEARCH_USER_PATHS = NO;
				CLANG_ANALYZER_NONNULL = YES;
				CLANG_ANALYZER_NUMBER_OBJECT_CONVERSION = YES_AGGRESSIVE;
				CLANG_CXX_LANGUAGE_STANDARD = "gnu++20";
				CLANG_ENABLE_MODULES = YES;
				CLANG_ENABLE_OBJC_ARC = YES;
				CLANG_ENABLE_OBJC_WEAK = YES;
				CLANG_WARN_BLOCK_CAPTURE_AUTORELEASING = YES;
				CLANG_WARN_BOOL_CONVERSION = YES;
				CLANG_WARN_COMMA = YES;
				CLANG_WARN_CONSTANT_CONVERSION = YES;
				CLANG_WARN_DEPRECATED_OBJC_IMPLEMENTATIONS = YES;
				CLANG_WARN_DIRECT_OBJC_ISA_USAGE = YES_ERROR;
				CLANG_WARN_DOCUMENTATION_COMMENTS = YES;
				CLANG_WARN_EMPTY_BODY = YES;
				CLANG_WARN_ENUM_CONVERSION = YES;
				CLANG_WARN_INFINITE_RECURSION = YES;
				CLANG_WARN_INT_CONVERSION = YES;
				CLANG_WARN_NON_LITERAL_NULL_CONVERSION = YES;
				CLANG_WARN_OBJC_IMPLICIT_RETAIN_SELF = YES;
				CLANG_WARN_OBJC_LITERAL_CONVERSION = YES;
				CLANG_WARN_OBJC_ROOT_CLASS = YES_ERROR;
				CLANG_WARN_QUOTED_INCLUDE_IN_FRAMEWORK_HEADER = YES;
				CLANG_WARN_RANGE_LOOP_ANALYSIS = YES;
				CLANG_WARN_STRICT_PROTOTYPES = YES;
				CLANG_WARN_SUSPICIOUS_MOVE = YES;
				CLANG_WARN_UNGUARDED_AVAILABILITY = YES_AGGRESSIVE;
				CLANG_WARN_UNREACHABLE_CODE = YES;
				CLANG_WARN__DUPLICATE_METHOD_MATCH = YES;
				COPY_PHASE_STRIP = NO;
				DEBUG_INFORMATION_FORMAT = "dwarf-with-dsym";
				ENABLE_NS_ASSERTIONS = NO;
				ENABLE_STRICT_OBJC_MSGSEND = YES;
				GCC_C_LANGUAGE_STANDARD = gnu11;
				GCC_NO_COMMON_BLOCKS = YES;
				GCC_WARN_64_TO_32_BIT_CONVERSION = YES;
				GCC_WARN_ABOUT_RETURN_TYPE = YES_ERROR;
				GCC_WARN_UNDECLARED_SELECTOR = YES;
				GCC_WARN_UNINITIALIZED_AUTOS = YES_AGGRESSIVE;
				GCC_WARN_UNUSED_FUNCTION = YES;
				GCC_WARN_UNUSED_VARIABLE = YES;
				IPHONEOS_DEPLOYMENT_TARGET = 16.2;
				MTL_ENABLE_DEBUG_INFO = NO;
				MTL_FAST_MATH = YES;
				SDKROOT = iphoneos;
				SWIFT_COMPILATION_MODE = wholemodule;
				SWIFT_OPTIMIZATION_LEVEL = "-O";
				VALIDATE_PRODUCT = YES;
			};
			name = Release;
		};
		8172190129851E0C00172B10 /* Debug */ = {
			isa = XCBuildConfiguration;
			buildSettings = {
				ASSETCATALOG_COMPILER_APPICON_NAME = AppIcon;
				ASSETCATALOG_COMPILER_GLOBAL_ACCENT_COLOR_NAME = AccentColor;
				CODE_SIGN_STYLE = Automatic;
				CURRENT_PROJECT_VERSION = 1;
				DEVELOPMENT_ASSET_PATHS = "\"FlashCardApp/Preview Content\"";
				DEVELOPMENT_TEAM = NJ6276552N;
				ENABLE_PREVIEWS = YES;
				GENERATE_INFOPLIST_FILE = YES;
				INFOPLIST_KEY_UIApplicationSceneManifest_Generation = YES;
				INFOPLIST_KEY_UIApplicationSupportsIndirectInputEvents = YES;
				INFOPLIST_KEY_UILaunchScreen_Generation = YES;
				INFOPLIST_KEY_UISupportedInterfaceOrientations_iPad = "UIInterfaceOrientationPortrait UIInterfaceOrientationPortraitUpsideDown UIInterfaceOrientationLandscapeLeft UIInterfaceOrientationLandscapeRight";
				INFOPLIST_KEY_UISupportedInterfaceOrientations_iPhone = "UIInterfaceOrientationPortrait UIInterfaceOrientationLandscapeLeft UIInterfaceOrientationLandscapeRight";
				LD_RUNPATH_SEARCH_PATHS = (
					"$(inherited)",
					"@executable_path/Frameworks",
				);
				MARKETING_VERSION = 1.0;
				PRODUCT_BUNDLE_IDENTIFIER = vojtechkalivoda.FlashCardApp;
				PRODUCT_NAME = "$(TARGET_NAME)";
				SWIFT_EMIT_LOC_STRINGS = YES;
				SWIFT_VERSION = 5.0;
				TARGETED_DEVICE_FAMILY = "1,2";
			};
			name = Debug;
		};
		8172190229851E0C00172B10 /* Release */ = {
			isa = XCBuildConfiguration;
			buildSettings = {
				ASSETCATALOG_COMPILER_APPICON_NAME = AppIcon;
				ASSETCATALOG_COMPILER_GLOBAL_ACCENT_COLOR_NAME = AccentColor;
				CODE_SIGN_STYLE = Automatic;
				CURRENT_PROJECT_VERSION = 1;
				DEVELOPMENT_ASSET_PATHS = "\"FlashCardApp/Preview Content\"";
				DEVELOPMENT_TEAM = NJ6276552N;
				ENABLE_PREVIEWS = YES;
				GENERATE_INFOPLIST_FILE = YES;
				INFOPLIST_KEY_UIApplicationSceneManifest_Generation = YES;
				INFOPLIST_KEY_UIApplicationSupportsIndirectInputEvents = YES;
				INFOPLIST_KEY_UILaunchScreen_Generation = YES;
				INFOPLIST_KEY_UISupportedInterfaceOrientations_iPad = "UIInterfaceOrientationPortrait UIInterfaceOrientationPortraitUpsideDown UIInterfaceOrientationLandscapeLeft UIInterfaceOrientationLandscapeRight";
				INFOPLIST_KEY_UISupportedInterfaceOrientations_iPhone = "UIInterfaceOrientationPortrait UIInterfaceOrientationLandscapeLeft UIInterfaceOrientationLandscapeRight";
				LD_RUNPATH_SEARCH_PATHS = (
					"$(inherited)",
					"@executable_path/Frameworks",
				);
				MARKETING_VERSION = 1.0;
				PRODUCT_BUNDLE_IDENTIFIER = vojtechkalivoda.FlashCardApp;
				PRODUCT_NAME = "$(TARGET_NAME)";
				SWIFT_EMIT_LOC_STRINGS = YES;
				SWIFT_VERSION = 5.0;
				TARGETED_DEVICE_FAMILY = "1,2";
			};
			name = Release;
		};
/* End XCBuildConfiguration section */

/* Begin XCConfigurationList section */
		817218ED29851E0B00172B10 /* Build configuration list for PBXProject "FlashCardApp" */ = {
			isa = XCConfigurationList;
			buildConfigurations = (
				817218FE29851E0C00172B10 /* Debug */,
				817218FF29851E0C00172B10 /* Release */,
			);
			defaultConfigurationIsVisible = 0;
			defaultConfigurationName = Release;
		};
		8172190029851E0C00172B10 /* Build configuration list for PBXNativeTarget "FlashCardApp" */ = {
			isa = XCConfigurationList;
			buildConfigurations = (
				8172190129851E0C00172B10 /* Debug */,
				8172190229851E0C00172B10 /* Release */,
			);
			defaultConfigurationIsVisible = 0;
			defaultConfigurationName = Release;
		};
/* End XCConfigurationList section */
	};
	rootObject = 817218EA29851E0B00172B10 /* Project object */;
}
